// !$*UTF8*$!
{
	archiveVersion = 1;
	classes = {
	};
	objectVersion = 77;
	objects = {

/* Begin PBXContainerItemProxy section */
		12C3D5D72CFAFDC700BAF5FF /* PBXContainerItemProxy */ = {
			isa = PBXContainerItemProxy;
			containerPortal = 12C3D5BE2CFAFDC500BAF5FF /* Project object */;
			proxyType = 1;
			remoteGlobalIDString = 12C3D5C52CFAFDC500BAF5FF;
			remoteInfo = InOutYang_beta;
		};
		12C3D5E12CFAFDC700BAF5FF /* PBXContainerItemProxy */ = {
			isa = PBXContainerItemProxy;
			containerPortal = 12C3D5BE2CFAFDC500BAF5FF /* Project object */;
			proxyType = 1;
			remoteGlobalIDString = 12C3D5C52CFAFDC500BAF5FF;
			remoteInfo = InOutYang_beta;
		};
/* End PBXContainerItemProxy section */

/* Begin PBXFileReference section */
		12C3D5C62CFAFDC500BAF5FF /* INOUTY.app */ = {isa = PBXFileReference; explicitFileType = wrapper.application; includeInIndex = 0; path = INOUTY.app; sourceTree = BUILT_PRODUCTS_DIR; };
		12C3D5D62CFAFDC700BAF5FF /* InOutYang_betaTests.xctest */ = {isa = PBXFileReference; explicitFileType = wrapper.cfbundle; includeInIndex = 0; path = InOutYang_betaTests.xctest; sourceTree = BUILT_PRODUCTS_DIR; };
		12C3D5E02CFAFDC700BAF5FF /* InOutYang_betaUITests.xctest */ = {isa = PBXFileReference; explicitFileType = wrapper.cfbundle; includeInIndex = 0; path = InOutYang_betaUITests.xctest; sourceTree = BUILT_PRODUCTS_DIR; };
/* End PBXFileReference section */

/* Begin PBXFileSystemSynchronizedRootGroup section */
		12C3D5C82CFAFDC500BAF5FF /* InOutYang_beta */ = {
			isa = PBXFileSystemSynchronizedRootGroup;
			path = InOutYang_beta;
			sourceTree = "<group>";
		};
		12C3D5D92CFAFDC700BAF5FF /* InOutYang_betaTests */ = {
			isa = PBXFileSystemSynchronizedRootGroup;
			path = InOutYang_betaTests;
			sourceTree = "<group>";
		};
		12C3D5E32CFAFDC700BAF5FF /* InOutYang_betaUITests */ = {
			isa = PBXFileSystemSynchronizedRootGroup;
			path = InOutYang_betaUITests;
			sourceTree = "<group>";
		};
/* End PBXFileSystemSynchronizedRootGroup section */

/* Begin PBXFrameworksBuildPhase section */
		12C3D5C32CFAFDC500BAF5FF /* Frameworks */ = {
			isa = PBXFrameworksBuildPhase;
			buildActionMask = 2147483647;
			files = (
			);
			runOnlyForDeploymentPostprocessing = 0;
		};
		12C3D5D32CFAFDC700BAF5FF /* Frameworks */ = {
			isa = PBXFrameworksBuildPhase;
			buildActionMask = 2147483647;
			files = (
			);
			runOnlyForDeploymentPostprocessing = 0;
		};
		12C3D5DD2CFAFDC700BAF5FF /* Frameworks */ = {
			isa = PBXFrameworksBuildPhase;
			buildActionMask = 2147483647;
			files = (
			);
			runOnlyForDeploymentPostprocessing = 0;
		};
/* End PBXFrameworksBuildPhase section */

/* Begin PBXGroup section */
		12C3D5BD2CFAFDC500BAF5FF = {
			isa = PBXGroup;
			children = (
				12C3D5C82CFAFDC500BAF5FF /* InOutYang_beta */,
				12C3D5D92CFAFDC700BAF5FF /* InOutYang_betaTests */,
				12C3D5E32CFAFDC700BAF5FF /* InOutYang_betaUITests */,
				12C3D5C72CFAFDC500BAF5FF /* Products */,
			);
			sourceTree = "<group>";
		};
		12C3D5C72CFAFDC500BAF5FF /* Products */ = {
			isa = PBXGroup;
			children = (
				12C3D5C62CFAFDC500BAF5FF /* INOUTY.app */,
				12C3D5D62CFAFDC700BAF5FF /* InOutYang_betaTests.xctest */,
				12C3D5E02CFAFDC700BAF5FF /* InOutYang_betaUITests.xctest */,
			);
			name = Products;
			sourceTree = "<group>";
		};
/* End PBXGroup section */

/* Begin PBXNativeTarget section */
		12C3D5C52CFAFDC500BAF5FF /* INOUTY */ = {
			isa = PBXNativeTarget;
			buildConfigurationList = 12C3D5EA2CFAFDC700BAF5FF /* Build configuration list for PBXNativeTarget "INOUTY" */;
			buildPhases = (
				12C3D5C22CFAFDC500BAF5FF /* Sources */,
				12C3D5C32CFAFDC500BAF5FF /* Frameworks */,
				12C3D5C42CFAFDC500BAF5FF /* Resources */,
			);
			buildRules = (
			);
			dependencies = (
			);
			fileSystemSynchronizedGroups = (
				12C3D5C82CFAFDC500BAF5FF /* InOutYang_beta */,
			);
			name = INOUTY;
			packageProductDependencies = (
			);
			productName = InOutYang_beta;
			productReference = 12C3D5C62CFAFDC500BAF5FF /* INOUTY.app */;
			productType = "com.apple.product-type.application";
		};
		12C3D5D52CFAFDC700BAF5FF /* InOutYang_betaTests */ = {
			isa = PBXNativeTarget;
			buildConfigurationList = 12C3D5ED2CFAFDC700BAF5FF /* Build configuration list for PBXNativeTarget "InOutYang_betaTests" */;
			buildPhases = (
				12C3D5D22CFAFDC700BAF5FF /* Sources */,
				12C3D5D32CFAFDC700BAF5FF /* Frameworks */,
				12C3D5D42CFAFDC700BAF5FF /* Resources */,
			);
			buildRules = (
			);
			dependencies = (
				12C3D5D82CFAFDC700BAF5FF /* PBXTargetDependency */,
			);
			fileSystemSynchronizedGroups = (
				12C3D5D92CFAFDC700BAF5FF /* InOutYang_betaTests */,
			);
			name = InOutYang_betaTests;
			packageProductDependencies = (
			);
			productName = InOutYang_betaTests;
			productReference = 12C3D5D62CFAFDC700BAF5FF /* InOutYang_betaTests.xctest */;
			productType = "com.apple.product-type.bundle.unit-test";
		};
		12C3D5DF2CFAFDC700BAF5FF /* InOutYang_betaUITests */ = {
			isa = PBXNativeTarget;
			buildConfigurationList = 12C3D5F02CFAFDC700BAF5FF /* Build configuration list for PBXNativeTarget "InOutYang_betaUITests" */;
			buildPhases = (
				12C3D5DC2CFAFDC700BAF5FF /* Sources */,
				12C3D5DD2CFAFDC700BAF5FF /* Frameworks */,
				12C3D5DE2CFAFDC700BAF5FF /* Resources */,
			);
			buildRules = (
			);
			dependencies = (
				12C3D5E22CFAFDC700BAF5FF /* PBXTargetDependency */,
			);
			fileSystemSynchronizedGroups = (
				12C3D5E32CFAFDC700BAF5FF /* InOutYang_betaUITests */,
			);
			name = InOutYang_betaUITests;
			packageProductDependencies = (
			);
			productName = InOutYang_betaUITests;
			productReference = 12C3D5E02CFAFDC700BAF5FF /* InOutYang_betaUITests.xctest */;
			productType = "com.apple.product-type.bundle.ui-testing";
		};
/* End PBXNativeTarget section */

/* Begin PBXProject section */
		12C3D5BE2CFAFDC500BAF5FF /* Project object */ = {
			isa = PBXProject;
			attributes = {
				BuildIndependentTargetsInParallel = 1;
				LastSwiftUpdateCheck = 1610;
				LastUpgradeCheck = 1610;
				TargetAttributes = {
					12C3D5C52CFAFDC500BAF5FF = {
						CreatedOnToolsVersion = 16.1;
					};
					12C3D5D52CFAFDC700BAF5FF = {
						CreatedOnToolsVersion = 16.1;
						TestTargetID = 12C3D5C52CFAFDC500BAF5FF;
					};
					12C3D5DF2CFAFDC700BAF5FF = {
						CreatedOnToolsVersion = 16.1;
						TestTargetID = 12C3D5C52CFAFDC500BAF5FF;
					};
				};
			};
			buildConfigurationList = 12C3D5C12CFAFDC500BAF5FF /* Build configuration list for PBXProject "InOutYang_beta" */;
			developmentRegion = en;
			hasScannedForEncodings = 0;
			knownRegions = (
				en,
				Base,
			);
			mainGroup = 12C3D5BD2CFAFDC500BAF5FF;
			minimizedProjectReferenceProxies = 1;
			preferredProjectObjectVersion = 77;
			productRefGroup = 12C3D5C72CFAFDC500BAF5FF /* Products */;
			projectDirPath = "";
			projectRoot = "";
			targets = (
				12C3D5C52CFAFDC500BAF5FF /* INOUTY */,
				12C3D5D52CFAFDC700BAF5FF /* InOutYang_betaTests */,
				12C3D5DF2CFAFDC700BAF5FF /* InOutYang_betaUITests */,
			);
		};
/* End PBXProject section */

/* Begin PBXResourcesBuildPhase section */
		12C3D5C42CFAFDC500BAF5FF /* Resources */ = {
			isa = PBXResourcesBuildPhase;
			buildActionMask = 2147483647;
			files = (
			);
			runOnlyForDeploymentPostprocessing = 0;
		};
		12C3D5D42CFAFDC700BAF5FF /* Resources */ = {
			isa = PBXResourcesBuildPhase;
			buildActionMask = 2147483647;
			files = (
			);
			runOnlyForDeploymentPostprocessing = 0;
		};
		12C3D5DE2CFAFDC700BAF5FF /* Resources */ = {
			isa = PBXResourcesBuildPhase;
			buildActionMask = 2147483647;
			files = (
			);
			runOnlyForDeploymentPostprocessing = 0;
		};
/* End PBXResourcesBuildPhase section */

/* Begin PBXSourcesBuildPhase section */
		12C3D5C22CFAFDC500BAF5FF /* Sources */ = {
			isa = PBXSourcesBuildPhase;
			buildActionMask = 2147483647;
			files = (
			);
			runOnlyForDeploymentPostprocessing = 0;
		};
		12C3D5D22CFAFDC700BAF5FF /* Sources */ = {
			isa = PBXSourcesBuildPhase;
			buildActionMask = 2147483647;
			files = (
			);
			runOnlyForDeploymentPostprocessing = 0;
		};
		12C3D5DC2CFAFDC700BAF5FF /* Sources */ = {
			isa = PBXSourcesBuildPhase;
			buildActionMask = 2147483647;
			files = (
			);
			runOnlyForDeploymentPostprocessing = 0;
		};
/* End PBXSourcesBuildPhase section */

/* Begin PBXTargetDependency section */
		12C3D5D82CFAFDC700BAF5FF /* PBXTargetDependency */ = {
			isa = PBXTargetDependency;
			target = 12C3D5C52CFAFDC500BAF5FF /* INOUTY */;
			targetProxy = 12C3D5D72CFAFDC700BAF5FF /* PBXContainerItemProxy */;
		};
		12C3D5E22CFAFDC700BAF5FF /* PBXTargetDependency */ = {
			isa = PBXTargetDependency;
			target = 12C3D5C52CFAFDC500BAF5FF /* INOUTY */;
			targetProxy = 12C3D5E12CFAFDC700BAF5FF /* PBXContainerItemProxy */;
		};
/* End PBXTargetDependency section */

/* Begin XCBuildConfiguration section */
		12C3D5E82CFAFDC700BAF5FF /* Debug */ = {
			isa = XCBuildConfiguration;
			buildSettings = {
				ALWAYS_SEARCH_USER_PATHS = NO;
				ASSETCATALOG_COMPILER_GENERATE_SWIFT_ASSET_SYMBOL_EXTENSIONS = YES;
				CLANG_ANALYZER_NONNULL = YES;
				CLANG_ANALYZER_NUMBER_OBJECT_CONVERSION = YES_AGGRESSIVE;
				CLANG_CXX_LANGUAGE_STANDARD = "gnu++20";
				CLANG_ENABLE_MODULES = YES;
				CLANG_ENABLE_OBJC_ARC = YES;
				CLANG_ENABLE_OBJC_WEAK = YES;
				CLANG_WARN_BLOCK_CAPTURE_AUTORELEASING = YES;
				CLANG_WARN_BOOL_CONVERSION = YES;
				CLANG_WARN_COMMA = YES;
				CLANG_WARN_CONSTANT_CONVERSION = YES;
				CLANG_WARN_DEPRECATED_OBJC_IMPLEMENTATIONS = YES;
				CLANG_WARN_DIRECT_OBJC_ISA_USAGE = YES_ERROR;
				CLANG_WARN_DOCUMENTATION_COMMENTS = YES;
				CLANG_WARN_EMPTY_BODY = YES;
				CLANG_WARN_ENUM_CONVERSION = YES;
				CLANG_WARN_INFINITE_RECURSION = YES;
				CLANG_WARN_INT_CONVERSION = YES;
				CLANG_WARN_NON_LITERAL_NULL_CONVERSION = YES;
				CLANG_WARN_OBJC_IMPLICIT_RETAIN_SELF = YES;
				CLANG_WARN_OBJC_LITERAL_CONVERSION = YES;
				CLANG_WARN_OBJC_ROOT_CLASS = YES_ERROR;
				CLANG_WARN_QUOTED_INCLUDE_IN_FRAMEWORK_HEADER = YES;
				CLANG_WARN_RANGE_LOOP_ANALYSIS = YES;
				CLANG_WARN_STRICT_PROTOTYPES = YES;
				CLANG_WARN_SUSPICIOUS_MOVE = YES;
				CLANG_WARN_UNGUARDED_AVAILABILITY = YES_AGGRESSIVE;
				CLANG_WARN_UNREACHABLE_CODE = YES;
				CLANG_WARN__DUPLICATE_METHOD_MATCH = YES;
				COPY_PHASE_STRIP = NO;
				DEBUG_INFORMATION_FORMAT = dwarf;
				ENABLE_STRICT_OBJC_MSGSEND = YES;
				ENABLE_TESTABILITY = YES;
				ENABLE_USER_SCRIPT_SANDBOXING = YES;
				GCC_C_LANGUAGE_STANDARD = gnu17;
				GCC_DYNAMIC_NO_PIC = NO;
				GCC_NO_COMMON_BLOCKS = YES;
				GCC_OPTIMIZATION_LEVEL = 0;
				GCC_PREPROCESSOR_DEFINITIONS = (
					"DEBUG=1",
					"$(inherited)",
				);
				GCC_WARN_64_TO_32_BIT_CONVERSION = YES;
				GCC_WARN_ABOUT_RETURN_TYPE = YES_ERROR;
				GCC_WARN_UNDECLARED_SELECTOR = YES;
				GCC_WARN_UNINITIALIZED_AUTOS = YES_AGGRESSIVE;
				GCC_WARN_UNUSED_FUNCTION = YES;
				GCC_WARN_UNUSED_VARIABLE = YES;
				IPHONEOS_DEPLOYMENT_TARGET = 18.1;
				LOCALIZATION_PREFERS_STRING_CATALOGS = YES;
				MTL_ENABLE_DEBUG_INFO = INCLUDE_SOURCE;
				MTL_FAST_MATH = YES;
				ONLY_ACTIVE_ARCH = YES;
				SDKROOT = iphoneos;
				SWIFT_ACTIVE_COMPILATION_CONDITIONS = "DEBUG $(inherited)";
				SWIFT_OPTIMIZATION_LEVEL = "-Onone";
			};
			name = Debug;
		};
		12C3D5E92CFAFDC700BAF5FF /* Release */ = {
			isa = XCBuildConfiguration;
			buildSettings = {
				ALWAYS_SEARCH_USER_PATHS = NO;
				ASSETCATALOG_COMPILER_GENERATE_SWIFT_ASSET_SYMBOL_EXTENSIONS = YES;
				CLANG_ANALYZER_NONNULL = YES;
				CLANG_ANALYZER_NUMBER_OBJECT_CONVERSION = YES_AGGRESSIVE;
				CLANG_CXX_LANGUAGE_STANDARD = "gnu++20";
				CLANG_ENABLE_MODULES = YES;
				CLANG_ENABLE_OBJC_ARC = YES;
				CLANG_ENABLE_OBJC_WEAK = YES;
				CLANG_WARN_BLOCK_CAPTURE_AUTORELEASING = YES;
				CLANG_WARN_BOOL_CONVERSION = YES;
				CLANG_WARN_COMMA = YES;
				CLANG_WARN_CONSTANT_CONVERSION = YES;
				CLANG_WARN_DEPRECATED_OBJC_IMPLEMENTATIONS = YES;
				CLANG_WARN_DIRECT_OBJC_ISA_USAGE = YES_ERROR;
				CLANG_WARN_DOCUMENTATION_COMMENTS = YES;
				CLANG_WARN_EMPTY_BODY = YES;
				CLANG_WARN_ENUM_CONVERSION = YES;
				CLANG_WARN_INFINITE_RECURSION = YES;
				CLANG_WARN_INT_CONVERSION = YES;
				CLANG_WARN_NON_LITERAL_NULL_CONVERSION = YES;
				CLANG_WARN_OBJC_IMPLICIT_RETAIN_SELF = YES;
				CLANG_WARN_OBJC_LITERAL_CONVERSION = YES;
				CLANG_WARN_OBJC_ROOT_CLASS = YES_ERROR;
				CLANG_WARN_QUOTED_INCLUDE_IN_FRAMEWORK_HEADER = YES;
				CLANG_WARN_RANGE_LOOP_ANALYSIS = YES;
				CLANG_WARN_STRICT_PROTOTYPES = YES;
				CLANG_WARN_SUSPICIOUS_MOVE = YES;
				CLANG_WARN_UNGUARDED_AVAILABILITY = YES_AGGRESSIVE;
				CLANG_WARN_UNREACHABLE_CODE = YES;
				CLANG_WARN__DUPLICATE_METHOD_MATCH = YES;
				COPY_PHASE_STRIP = NO;
				DEBUG_INFORMATION_FORMAT = "dwarf-with-dsym";
				ENABLE_NS_ASSERTIONS = NO;
				ENABLE_STRICT_OBJC_MSGSEND = YES;
				ENABLE_USER_SCRIPT_SANDBOXING = YES;
				GCC_C_LANGUAGE_STANDARD = gnu17;
				GCC_NO_COMMON_BLOCKS = YES;
				GCC_WARN_64_TO_32_BIT_CONVERSION = YES;
				GCC_WARN_ABOUT_RETURN_TYPE = YES_ERROR;
				GCC_WARN_UNDECLARED_SELECTOR = YES;
				GCC_WARN_UNINITIALIZED_AUTOS = YES_AGGRESSIVE;
				GCC_WARN_UNUSED_FUNCTION = YES;
				GCC_WARN_UNUSED_VARIABLE = YES;
				IPHONEOS_DEPLOYMENT_TARGET = 18.1;
				LOCALIZATION_PREFERS_STRING_CATALOGS = YES;
				MTL_ENABLE_DEBUG_INFO = NO;
				MTL_FAST_MATH = YES;
				SDKROOT = iphoneos;
				SWIFT_COMPILATION_MODE = wholemodule;
				VALIDATE_PRODUCT = YES;
			};
			name = Release;
		};
		12C3D5EB2CFAFDC700BAF5FF /* Debug */ = {
			isa = XCBuildConfiguration;
			buildSettings = {
				ASSETCATALOG_COMPILER_APPICON_NAME = AppIcon;
				ASSETCATALOG_COMPILER_GLOBAL_ACCENT_COLOR_NAME = AccentColor;
				CODE_SIGN_IDENTITY = "Apple Development";
				CODE_SIGN_STYLE = Automatic;
				CURRENT_PROJECT_VERSION = 1;
				DEVELOPMENT_ASSET_PATHS = "\"InOutYang_beta/Preview Content\"";
				DEVELOPMENT_TEAM = DW493U4J68;
				ENABLE_PREVIEWS = YES;
				GENERATE_INFOPLIST_FILE = YES;
				INFOPLIST_FILE = "InOutYang-beta-Info.plist";
				INFOPLIST_KEY_UIApplicationSceneManifest_Generation = YES;
				INFOPLIST_KEY_UIApplicationSupportsIndirectInputEvents = YES;
				INFOPLIST_KEY_UILaunchScreen_Generation = YES;
				INFOPLIST_KEY_UILaunchStoryboardName = Launch;
				INFOPLIST_KEY_UISupportedInterfaceOrientations_iPad = "UIInterfaceOrientationPortrait UIInterfaceOrientationPortraitUpsideDown UIInterfaceOrientationLandscapeLeft UIInterfaceOrientationLandscapeRight";
				INFOPLIST_KEY_UISupportedInterfaceOrientations_iPhone = "UIInterfaceOrientationPortrait UIInterfaceOrientationLandscapeLeft UIInterfaceOrientationLandscapeRight";
				IPHONEOS_DEPLOYMENT_TARGET = 18.0;
				LD_RUNPATH_SEARCH_PATHS = (
					"$(inherited)",
					"@executable_path/Frameworks",
				);
				MARKETING_VERSION = 1.0;
				PRODUCT_BUNDLE_IDENTIFIER = com.bongchan2.InOutYang;
				PRODUCT_NAME = "$(TARGET_NAME)";
				PROVISIONING_PROFILE_SPECIFIER = "";
				SWIFT_EMIT_LOC_STRINGS = YES;
				SWIFT_VERSION = 5.0;
				TARGETED_DEVICE_FAMILY = "1,2";
			};
			name = Debug;
		};
		12C3D5EC2CFAFDC700BAF5FF /* Release */ = {
			isa = XCBuildConfiguration;
			buildSettings = {
				ASSETCATALOG_COMPILER_APPICON_NAME = AppIcon;
				ASSETCATALOG_COMPILER_GLOBAL_ACCENT_COLOR_NAME = AccentColor;
				CODE_SIGN_IDENTITY = "Apple Development";
				CODE_SIGN_STYLE = Automatic;
				CURRENT_PROJECT_VERSION = 1;
				DEVELOPMENT_ASSET_PATHS = "\"InOutYang_beta/Preview Content\"";
				DEVELOPMENT_TEAM = DW493U4J68;
				ENABLE_PREVIEWS = YES;
				GENERATE_INFOPLIST_FILE = YES;
				INFOPLIST_FILE = "InOutYang-beta-Info.plist";
				INFOPLIST_KEY_UIApplicationSceneManifest_Generation = YES;
				INFOPLIST_KEY_UIApplicationSupportsIndirectInputEvents = YES;
				INFOPLIST_KEY_UILaunchScreen_Generation = YES;
				INFOPLIST_KEY_UILaunchStoryboardName = Launch;
				INFOPLIST_KEY_UISupportedInterfaceOrientations_iPad = "UIInterfaceOrientationPortrait UIInterfaceOrientationPortraitUpsideDown UIInterfaceOrientationLandscapeLeft UIInterfaceOrientationLandscapeRight";
				INFOPLIST_KEY_UISupportedInterfaceOrientations_iPhone = "UIInterfaceOrientationPortrait UIInterfaceOrientationLandscapeLeft UIInterfaceOrientationLandscapeRight";
				IPHONEOS_DEPLOYMENT_TARGET = 18.0;
				LD_RUNPATH_SEARCH_PATHS = (
					"$(inherited)",
					"@executable_path/Frameworks",
				);
				MARKETING_VERSION = 1.0;
				PRODUCT_BUNDLE_IDENTIFIER = com.bongchan2.InOutYang;
				PRODUCT_NAME = "$(TARGET_NAME)";
				PROVISIONING_PROFILE_SPECIFIER = "";
				SWIFT_EMIT_LOC_STRINGS = YES;
				SWIFT_VERSION = 5.0;
				TARGETED_DEVICE_FAMILY = "1,2";
			};
			name = Release;
		};
		12C3D5EE2CFAFDC700BAF5FF /* Debug */ = {
			isa = XCBuildConfiguration;
			buildSettings = {
				BUNDLE_LOADER = "$(TEST_HOST)";
				CODE_SIGN_STYLE = Automatic;
				CURRENT_PROJECT_VERSION = 1;
				DEVELOPMENT_TEAM = GQ89YG5G9R;
				GENERATE_INFOPLIST_FILE = YES;
				IPHONEOS_DEPLOYMENT_TARGET = 18.1;
				MARKETING_VERSION = 1.0;
				PRODUCT_BUNDLE_IDENTIFIER = "com.markrew.InOutYang-betaTests";
				PRODUCT_NAME = "$(TARGET_NAME)";
				SWIFT_EMIT_LOC_STRINGS = NO;
				SWIFT_VERSION = 5.0;
				TARGETED_DEVICE_FAMILY = "1,2";
				TEST_HOST = "$(BUILT_PRODUCTS_DIR)/InOutYang_beta.app/$(BUNDLE_EXECUTABLE_FOLDER_PATH)/InOutYang_beta";
			};
			name = Debug;
		};
		12C3D5EF2CFAFDC700BAF5FF /* Release */ = {
			isa = XCBuildConfiguration;
			buildSettings = {
				BUNDLE_LOADER = "$(TEST_HOST)";
				CODE_SIGN_STYLE = Automatic;
				CURRENT_PROJECT_VERSION = 1;
				DEVELOPMENT_TEAM = GQ89YG5G9R;
				GENERATE_INFOPLIST_FILE = YES;
				IPHONEOS_DEPLOYMENT_TARGET = 18.1;
				MARKETING_VERSION = 1.0;
				PRODUCT_BUNDLE_IDENTIFIER = "com.markrew.InOutYang-betaTests";
				PRODUCT_NAME = "$(TARGET_NAME)";
				SWIFT_EMIT_LOC_STRINGS = NO;
				SWIFT_VERSION = 5.0;
				TARGETED_DEVICE_FAMILY = "1,2";
				TEST_HOST = "$(BUILT_PRODUCTS_DIR)/InOutYang_beta.app/$(BUNDLE_EXECUTABLE_FOLDER_PATH)/InOutYang_beta";
			};
			name = Release;
		};
		12C3D5F12CFAFDC700BAF5FF /* Debug */ = {
			isa = XCBuildConfiguration;
			buildSettings = {
				CODE_SIGN_STYLE = Automatic;
				CURRENT_PROJECT_VERSION = 1;
				DEVELOPMENT_TEAM = GQ89YG5G9R;
				GENERATE_INFOPLIST_FILE = YES;
				MARKETING_VERSION = 1.0;
				PRODUCT_BUNDLE_IDENTIFIER = "com.markrew.InOutYang-betaUITests";
				PRODUCT_NAME = "$(TARGET_NAME)";
				SWIFT_EMIT_LOC_STRINGS = NO;
				SWIFT_VERSION = 5.0;
				TARGETED_DEVICE_FAMILY = "1,2";
				TEST_TARGET_NAME = InOutYang_beta;
			};
			name = Debug;
		};
		12C3D5F22CFAFDC700BAF5FF /* Release */ = {
			isa = XCBuildConfiguration;
			buildSettings = {
				CODE_SIGN_STYLE = Automatic;
				CURRENT_PROJECT_VERSION = 1;
				DEVELOPMENT_TEAM = GQ89YG5G9R;
				GENERATE_INFOPLIST_FILE = YES;
				MARKETING_VERSION = 1.0;
				PRODUCT_BUNDLE_IDENTIFIER = "com.markrew.InOutYang-betaUITests";
				PRODUCT_NAME = "$(TARGET_NAME)";
				SWIFT_EMIT_LOC_STRINGS = NO;
				SWIFT_VERSION = 5.0;
				TARGETED_DEVICE_FAMILY = "1,2";
				TEST_TARGET_NAME = InOutYang_beta;
			};
			name = Release;
		};
/* End XCBuildConfiguration section */

/* Begin XCConfigurationList section */
		12C3D5C12CFAFDC500BAF5FF /* Build configuration list for PBXProject "InOutYang_beta" */ = {
			isa = XCConfigurationList;
			buildConfigurations = (
				12C3D5E82CFAFDC700BAF5FF /* Debug */,
				12C3D5E92CFAFDC700BAF5FF /* Release */,
			);
			defaultConfigurationIsVisible = 0;
			defaultConfigurationName = Release;
		};
		12C3D5EA2CFAFDC700BAF5FF /* Build configuration list for PBXNativeTarget "INOUTY" */ = {
			isa = XCConfigurationList;
			buildConfigurations = (
				12C3D5EB2CFAFDC700BAF5FF /* Debug */,
				12C3D5EC2CFAFDC700BAF5FF /* Release */,
			);
			defaultConfigurationIsVisible = 0;
			defaultConfigurationName = Release;
		};
		12C3D5ED2CFAFDC700BAF5FF /* Build configuration list for PBXNativeTarget "InOutYang_betaTests" */ = {
			isa = XCConfigurationList;
			buildConfigurations = (
				12C3D5EE2CFAFDC700BAF5FF /* Debug */,
				12C3D5EF2CFAFDC700BAF5FF /* Release */,
			);
			defaultConfigurationIsVisible = 0;
			defaultConfigurationName = Release;
		};
		12C3D5F02CFAFDC700BAF5FF /* Build configuration list for PBXNativeTarget "InOutYang_betaUITests" */ = {
			isa = XCConfigurationList;
			buildConfigurations = (
				12C3D5F12CFAFDC700BAF5FF /* Debug */,
				12C3D5F22CFAFDC700BAF5FF /* Release */,
			);
			defaultConfigurationIsVisible = 0;
			defaultConfigurationName = Release;
		};
/* End XCConfigurationList section */
	};
	rootObject = 12C3D5BE2CFAFDC500BAF5FF /* Project object */;
}
